
Microsoft Visual Studio Solution File, Format Version 12.00
# Visual Studio Version 17
VisualStudioVersion = 17.11.35327.3
MinimumVisualStudioVersion = 10.0.40219.1
Project("{FAE04EC0-301F-11D3-BF4B-00C04F79EFBC}") = "OskitDocumentDesigner", "OskitDocumentDesigner.csproj", "{442A7631-54D0-448C-B601-557CA8FCFAA0}"
EndProject
Global
	GlobalSection(SolutionConfigurationPlatforms) = preSolution
		Debug|Any CPU = Debug|Any CPU
		Release|Any CPU = Release|Any CPU
	EndGlobalSection
	GlobalSection(ProjectConfigurationPlatforms) = postSolution
		{442A7631-54D0-448C-B601-557CA8FCFAA0}.Debug|Any CPU.ActiveCfg = Debug|Any CPU
		{442A7631-54D0-448C-B601-557CA8FCFAA0}.Debug|Any CPU.Build.0 = Debug|Any CPU
		{442A7631-54D0-448C-B601-557CA8FCFAA0}.Release|Any CPU.ActiveCfg = Release|Any CPU
		{442A7631-54D0-448C-B601-557CA8FCFAA0}.Release|Any CPU.Build.0 = Release|Any CPU
	EndGlobalSection
	GlobalSection(SolutionProperties) = preSolution
		HideSolutionNode = FALSE
	EndGlobalSection
	GlobalSection(ExtensibilityGlobals) = postSolution
		SolutionGuid = {31193DE3-2FEC-410C-8930-3108BD1A26D8}
	EndGlobalSection
EndGlobal
